
Microsoft Visual Studio Solution File, Format Version 12.00
# Visual Studio Version 17
VisualStudioVersion = 17.4.33205.214
MinimumVisualStudioVersion = 10.0.40219.1
Project("{FAE04EC0-301F-11D3-BF4B-00C04F79EFBC}") = "RoutingGameProject", "RoutingGameProject\RoutingGameProject.csproj", "{F5738616-27A6-4A55-8227-6B94296B3D52}"
EndProject
Global
	GlobalSection(SolutionConfigurationPlatforms) = preSolution
		Debug|Any CPU = Debug|Any CPU
		Release|Any CPU = Release|Any CPU
	EndGlobalSection
	GlobalSection(ProjectConfigurationPlatforms) = postSolution
		{F5738616-27A6-4A55-8227-6B94296B3D52}.Debug|Any CPU.ActiveCfg = Debug|Any CPU
		{F5738616-27A6-4A55-8227-6B94296B3D52}.Debug|Any CPU.Build.0 = Debug|Any CPU
		{F5738616-27A6-4A55-8227-6B94296B3D52}.Release|Any CPU.ActiveCfg = Release|Any CPU
		{F5738616-27A6-4A55-8227-6B94296B3D52}.Release|Any CPU.Build.0 = Release|Any CPU
	EndGlobalSection
	GlobalSection(SolutionProperties) = preSolution
		HideSolutionNode = FALSE
	EndGlobalSection
	GlobalSection(ExtensibilityGlobals) = postSolution
		SolutionGuid = {6D38C8F6-9431-46D6-BDAF-D12F282A034C}
	EndGlobalSection
EndGlobal
